{
  "name": "smidgeo.com",
  "version": "0.1.0",
  "lockfileVersion": 1,
  "requires": true,
  "dependencies": {
    "scrollwatcher": {
      "version": "0.3.4",
      "resolved": "https://registry.npmjs.org/scrollwatcher/-/scrollwatcher-0.3.4.tgz",
      "integrity": "sha1-no3yPhOP1bfvmuzIkhnLyQEcbS0="
    }
  }
}
